// !$*UTF8*$!
{
	archiveVersion = 1;
	classes = {
	};
	objectVersion = 50;
	objects = {

/* Begin PBXBuildFile section */
		7E7C7FDF231CF58E0026683F /* AppDelegate.swift in Sources */ = {isa = PBXBuildFile; fileRef = 7E7C7FDE231CF58E0026683F /* AppDelegate.swift */; };
		7E7C7FE1231CF58E0026683F /* ViewController.swift in Sources */ = {isa = PBXBuildFile; fileRef = 7E7C7FE0231CF58E0026683F /* ViewController.swift */; };
		7E7C7FE4231CF58E0026683F /* Main.storyboard in Resources */ = {isa = PBXBuildFile; fileRef = 7E7C7FE2231CF58E0026683F /* Main.storyboard */; };
		7E7C7FE6231CF5900026683F /* Assets.xcassets in Resources */ = {isa = PBXBuildFile; fileRef = 7E7C7FE5231CF5900026683F /* Assets.xcassets */; };
		7E7C7FE9231CF5900026683F /* LaunchScreen.storyboard in Resources */ = {isa = PBXBuildFile; fileRef = 7E7C7FE7231CF5900026683F /* LaunchScreen.storyboard */; };
		7E7C7FF4231CF5900026683F /* AVCaptureAudioDataOutputSampleBufferTestingTests.swift in Sources */ = {isa = PBXBuildFile; fileRef = 7E7C7FF3231CF5900026683F /* AVCaptureAudioDataOutputSampleBufferTestingTests.swift */; };
		7E7C8000231CF5D30026683F /* AVFoundation.framework in Frameworks */ = {isa = PBXBuildFile; fileRef = 7E7C7FFF231CF5D30026683F /* AVFoundation.framework */; };
/* End PBXBuildFile section */

/* Begin PBXContainerItemProxy section */
		7E7C7FF0231CF5900026683F /* PBXContainerItemProxy */ = {
			isa = PBXContainerItemProxy;
			containerPortal = 7E7C7FD3231CF58E0026683F /* Project object */;
			proxyType = 1;
			remoteGlobalIDString = 7E7C7FDA231CF58E0026683F;
			remoteInfo = AVCaptureAudioDataOutputSampleBufferTesting;
		};
/* End PBXContainerItemProxy section */

/* Begin PBXFileReference section */
		7E7C7FDB231CF58E0026683F /* AVCaptureAudioDataOutputSampleBufferTesting.app */ = {isa = PBXFileReference; explicitFileType = wrapper.application; includeInIndex = 0; path = AVCaptureAudioDataOutputSampleBufferTesting.app; sourceTree = BUILT_PRODUCTS_DIR; };
		7E7C7FDE231CF58E0026683F /* AppDelegate.swift */ = {isa = PBXFileReference; lastKnownFileType = sourcecode.swift; path = AppDelegate.swift; sourceTree = "<group>"; };
		7E7C7FE0231CF58E0026683F /* ViewController.swift */ = {isa = PBXFileReference; lastKnownFileType = sourcecode.swift; path = ViewController.swift; sourceTree = "<group>"; };
		7E7C7FE3231CF58E0026683F /* Base */ = {isa = PBXFileReference; lastKnownFileType = file.storyboard; name = Base; path = Base.lproj/Main.storyboard; sourceTree = "<group>"; };
		7E7C7FE5231CF5900026683F /* Assets.xcassets */ = {isa = PBXFileReference; lastKnownFileType = folder.assetcatalog; path = Assets.xcassets; sourceTree = "<group>"; };
		7E7C7FE8231CF5900026683F /* Base */ = {isa = PBXFileReference; lastKnownFileType = file.storyboard; name = Base; path = Base.lproj/LaunchScreen.storyboard; sourceTree = "<group>"; };
		7E7C7FEA231CF5900026683F /* Info.plist */ = {isa = PBXFileReference; lastKnownFileType = text.plist.xml; path = Info.plist; sourceTree = "<group>"; };
		7E7C7FEF231CF5900026683F /* AVCaptureAudioDataOutputSampleBufferTestingTests.xctest */ = {isa = PBXFileReference; explicitFileType = wrapper.cfbundle; includeInIndex = 0; path = AVCaptureAudioDataOutputSampleBufferTestingTests.xctest; sourceTree = BUILT_PRODUCTS_DIR; };
		7E7C7FF3231CF5900026683F /* AVCaptureAudioDataOutputSampleBufferTestingTests.swift */ = {isa = PBXFileReference; lastKnownFileType = sourcecode.swift; path = AVCaptureAudioDataOutputSampleBufferTestingTests.swift; sourceTree = "<group>"; };
		7E7C7FF5231CF5900026683F /* Info.plist */ = {isa = PBXFileReference; lastKnownFileType = text.plist.xml; path = Info.plist; sourceTree = "<group>"; };
		7E7C7FFF231CF5D30026683F /* AVFoundation.framework */ = {isa = PBXFileReference; lastKnownFileType = wrapper.framework; name = AVFoundation.framework; path = System/Library/Frameworks/AVFoundation.framework; sourceTree = SDKROOT; };
/* End PBXFileReference section */

/* Begin PBXFrameworksBuildPhase section */
		7E7C7FD8231CF58E0026683F /* Frameworks */ = {
			isa = PBXFrameworksBuildPhase;
			buildActionMask = 2147483647;
			files = (
				7E7C8000231CF5D30026683F /* AVFoundation.framework in Frameworks */,
			);
			runOnlyForDeploymentPostprocessing = 0;
		};
		7E7C7FEC231CF5900026683F /* Frameworks */ = {
			isa = PBXFrameworksBuildPhase;
			buildActionMask = 2147483647;
			files = (
			);
			runOnlyForDeploymentPostprocessing = 0;
		};
/* End PBXFrameworksBuildPhase section */

/* Begin PBXGroup section */
		7E7C7FD2231CF58E0026683F = {
			isa = PBXGroup;
			children = (
				7E7C7FDD231CF58E0026683F /* AVCaptureAudioDataOutputSampleBufferTesting */,
				7E7C7FF2231CF5900026683F /* AVCaptureAudioDataOutputSampleBufferTestingTests */,
				7E7C7FDC231CF58E0026683F /* Products */,
				7E7C7FFE231CF5D30026683F /* Frameworks */,
			);
			sourceTree = "<group>";
		};
		7E7C7FDC231CF58E0026683F /* Products */ = {
			isa = PBXGroup;
			children = (
				7E7C7FDB231CF58E0026683F /* AVCaptureAudioDataOutputSampleBufferTesting.app */,
				7E7C7FEF231CF5900026683F /* AVCaptureAudioDataOutputSampleBufferTestingTests.xctest */,
			);
			name = Products;
			sourceTree = "<group>";
		};
		7E7C7FDD231CF58E0026683F /* AVCaptureAudioDataOutputSampleBufferTesting */ = {
			isa = PBXGroup;
			children = (
				7E7C7FDE231CF58E0026683F /* AppDelegate.swift */,
				7E7C7FE0231CF58E0026683F /* ViewController.swift */,
				7E7C7FE2231CF58E0026683F /* Main.storyboard */,
				7E7C7FE5231CF5900026683F /* Assets.xcassets */,
				7E7C7FE7231CF5900026683F /* LaunchScreen.storyboard */,
				7E7C7FEA231CF5900026683F /* Info.plist */,
			);
			path = AVCaptureAudioDataOutputSampleBufferTesting;
			sourceTree = "<group>";
		};
		7E7C7FF2231CF5900026683F /* AVCaptureAudioDataOutputSampleBufferTestingTests */ = {
			isa = PBXGroup;
			children = (
				7E7C7FF3231CF5900026683F /* AVCaptureAudioDataOutputSampleBufferTestingTests.swift */,
				7E7C7FF5231CF5900026683F /* Info.plist */,
			);
			path = AVCaptureAudioDataOutputSampleBufferTestingTests;
			sourceTree = "<group>";
		};
		7E7C7FFE231CF5D30026683F /* Frameworks */ = {
			isa = PBXGroup;
			children = (
				7E7C7FFF231CF5D30026683F /* AVFoundation.framework */,
			);
			name = Frameworks;
			sourceTree = "<group>";
		};
/* End PBXGroup section */

/* Begin PBXNativeTarget section */
		7E7C7FDA231CF58E0026683F /* AVCaptureAudioDataOutputSampleBufferTesting */ = {
			isa = PBXNativeTarget;
			buildConfigurationList = 7E7C7FF8231CF5900026683F /* Build configuration list for PBXNativeTarget "AVCaptureAudioDataOutputSampleBufferTesting" */;
			buildPhases = (
				7E7C7FD7231CF58E0026683F /* Sources */,
				7E7C7FD8231CF58E0026683F /* Frameworks */,
				7E7C7FD9231CF58E0026683F /* Resources */,
			);
			buildRules = (
			);
			dependencies = (
			);
			name = AVCaptureAudioDataOutputSampleBufferTesting;
			productName = AVCaptureAudioDataOutputSampleBufferTesting;
			productReference = 7E7C7FDB231CF58E0026683F /* AVCaptureAudioDataOutputSampleBufferTesting.app */;
			productType = "com.apple.product-type.application";
		};
		7E7C7FEE231CF5900026683F /* AVCaptureAudioDataOutputSampleBufferTestingTests */ = {
			isa = PBXNativeTarget;
			buildConfigurationList = 7E7C7FFB231CF5900026683F /* Build configuration list for PBXNativeTarget "AVCaptureAudioDataOutputSampleBufferTestingTests" */;
			buildPhases = (
				7E7C7FEB231CF5900026683F /* Sources */,
				7E7C7FEC231CF5900026683F /* Frameworks */,
				7E7C7FED231CF5900026683F /* Resources */,
			);
			buildRules = (
			);
			dependencies = (
				7E7C7FF1231CF5900026683F /* PBXTargetDependency */,
			);
			name = AVCaptureAudioDataOutputSampleBufferTestingTests;
			productName = AVCaptureAudioDataOutputSampleBufferTestingTests;
			productReference = 7E7C7FEF231CF5900026683F /* AVCaptureAudioDataOutputSampleBufferTestingTests.xctest */;
			productType = "com.apple.product-type.bundle.unit-test";
		};
/* End PBXNativeTarget section */

/* Begin PBXProject section */
		7E7C7FD3231CF58E0026683F /* Project object */ = {
			isa = PBXProject;
			attributes = {
				LastSwiftUpdateCheck = 1030;
				LastUpgradeCheck = 1030;
				ORGANIZATIONNAME = DaisukeT;
				TargetAttributes = {
					7E7C7FDA231CF58E0026683F = {
						CreatedOnToolsVersion = 10.3;
					};
					7E7C7FEE231CF5900026683F = {
						CreatedOnToolsVersion = 10.3;
						TestTargetID = 7E7C7FDA231CF58E0026683F;
					};
				};
			};
			buildConfigurationList = 7E7C7FD6231CF58E0026683F /* Build configuration list for PBXProject "AVCaptureAudioDataOutputSampleBufferTesting" */;
			compatibilityVersion = "Xcode 9.3";
			developmentRegion = en;
			hasScannedForEncodings = 0;
			knownRegions = (
				en,
				Base,
			);
			mainGroup = 7E7C7FD2231CF58E0026683F;
			productRefGroup = 7E7C7FDC231CF58E0026683F /* Products */;
			projectDirPath = "";
			projectRoot = "";
			targets = (
				7E7C7FDA231CF58E0026683F /* AVCaptureAudioDataOutputSampleBufferTesting */,
				7E7C7FEE231CF5900026683F /* AVCaptureAudioDataOutputSampleBufferTestingTests */,
			);
		};
/* End PBXProject section */

/* Begin PBXResourcesBuildPhase section */
		7E7C7FD9231CF58E0026683F /* Resources */ = {
			isa = PBXResourcesBuildPhase;
			buildActionMask = 2147483647;
			files = (
				7E7C7FE9231CF5900026683F /* LaunchScreen.storyboard in Resources */,
				7E7C7FE6231CF5900026683F /* Assets.xcassets in Resources */,
				7E7C7FE4231CF58E0026683F /* Main.storyboard in Resources */,
			);
			runOnlyForDeploymentPostprocessing = 0;
		};
		7E7C7FED231CF5900026683F /* Resources */ = {
			isa = PBXResourcesBuildPhase;
			buildActionMask = 2147483647;
			files = (
			);
			runOnlyForDeploymentPostprocessing = 0;
		};
/* End PBXResourcesBuildPhase section */

/* Begin PBXSourcesBuildPhase section */
		7E7C7FD7231CF58E0026683F /* Sources */ = {
			isa = PBXSourcesBuildPhase;
			buildActionMask = 2147483647;
			files = (
				7E7C7FE1231CF58E0026683F /* ViewController.swift in Sources */,
				7E7C7FDF231CF58E0026683F /* AppDelegate.swift in Sources */,
			);
			runOnlyForDeploymentPostprocessing = 0;
		};
		7E7C7FEB231CF5900026683F /* Sources */ = {
			isa = PBXSourcesBuildPhase;
			buildActionMask = 2147483647;
			files = (
				7E7C7FF4231CF5900026683F /* AVCaptureAudioDataOutputSampleBufferTestingTests.swift in Sources */,
			);
			runOnlyForDeploymentPostprocessing = 0;
		};
/* End PBXSourcesBuildPhase section */

/* Begin PBXTargetDependency section */
		7E7C7FF1231CF5900026683F /* PBXTargetDependency */ = {
			isa = PBXTargetDependency;
			target = 7E7C7FDA231CF58E0026683F /* AVCaptureAudioDataOutputSampleBufferTesting */;
			targetProxy = 7E7C7FF0231CF5900026683F /* PBXContainerItemProxy */;
		};
/* End PBXTargetDependency section */

/* Begin PBXVariantGroup section */
		7E7C7FE2231CF58E0026683F /* Main.storyboard */ = {
			isa = PBXVariantGroup;
			children = (
				7E7C7FE3231CF58E0026683F /* Base */,
			);
			name = Main.storyboard;
			sourceTree = "<group>";
		};
		7E7C7FE7231CF5900026683F /* LaunchScreen.storyboard */ = {
			isa = PBXVariantGroup;
			children = (
				7E7C7FE8231CF5900026683F /* Base */,
			);
			name = LaunchScreen.storyboard;
			sourceTree = "<group>";
		};
/* End PBXVariantGroup section */

/* Begin XCBuildConfiguration section */
		7E7C7FF6231CF5900026683F /* Debug */ = {
			isa = XCBuildConfiguration;
			buildSettings = {
				ALWAYS_SEARCH_USER_PATHS = NO;
				CLANG_ANALYZER_NONNULL = YES;
				CLANG_ANALYZER_NUMBER_OBJECT_CONVERSION = YES_AGGRESSIVE;
				CLANG_CXX_LANGUAGE_STANDARD = "gnu++14";
				CLANG_CXX_LIBRARY = "libc++";
				CLANG_ENABLE_MODULES = YES;
				CLANG_ENABLE_OBJC_ARC = YES;
				CLANG_ENABLE_OBJC_WEAK = YES;
				CLANG_WARN_BLOCK_CAPTURE_AUTORELEASING = YES;
				CLANG_WARN_BOOL_CONVERSION = YES;
				CLANG_WARN_COMMA = YES;
				CLANG_WARN_CONSTANT_CONVERSION = YES;
				CLANG_WARN_DEPRECATED_OBJC_IMPLEMENTATIONS = YES;
				CLANG_WARN_DIRECT_OBJC_ISA_USAGE = YES_ERROR;
				CLANG_WARN_DOCUMENTATION_COMMENTS = YES;
				CLANG_WARN_EMPTY_BODY = YES;
				CLANG_WARN_ENUM_CONVERSION = YES;
				CLANG_WARN_INFINITE_RECURSION = YES;
				CLANG_WARN_INT_CONVERSION = YES;
				CLANG_WARN_NON_LITERAL_NULL_CONVERSION = YES;
				CLANG_WARN_OBJC_IMPLICIT_RETAIN_SELF = YES;
				CLANG_WARN_OBJC_LITERAL_CONVERSION = YES;
				CLANG_WARN_OBJC_ROOT_CLASS = YES_ERROR;
				CLANG_WARN_RANGE_LOOP_ANALYSIS = YES;
				CLANG_WARN_STRICT_PROTOTYPES = YES;
				CLANG_WARN_SUSPICIOUS_MOVE = YES;
				CLANG_WARN_UNGUARDED_AVAILABILITY = YES_AGGRESSIVE;
				CLANG_WARN_UNREACHABLE_CODE = YES;
				CLANG_WARN__DUPLICATE_METHOD_MATCH = YES;
				CODE_SIGN_IDENTITY = "iPhone Developer";
				COPY_PHASE_STRIP = NO;
				DEBUG_INFORMATION_FORMAT = dwarf;
				ENABLE_STRICT_OBJC_MSGSEND = YES;
				ENABLE_TESTABILITY = YES;
				GCC_C_LANGUAGE_STANDARD = gnu11;
				GCC_DYNAMIC_NO_PIC = NO;
				GCC_NO_COMMON_BLOCKS = YES;
				GCC_OPTIMIZATION_LEVEL = 0;
				GCC_PREPROCESSOR_DEFINITIONS = (
					"DEBUG=1",
					"$(inherited)",
				);
				GCC_WARN_64_TO_32_BIT_CONVERSION = YES;
				GCC_WARN_ABOUT_RETURN_TYPE = YES_ERROR;
				GCC_WARN_UNDECLARED_SELECTOR = YES;
				GCC_WARN_UNINITIALIZED_AUTOS = YES_AGGRESSIVE;
				GCC_WARN_UNUSED_FUNCTION = YES;
				GCC_WARN_UNUSED_VARIABLE = YES;
				IPHONEOS_DEPLOYMENT_TARGET = 12.4;
				MTL_ENABLE_DEBUG_INFO = INCLUDE_SOURCE;
				MTL_FAST_MATH = YES;
				ONLY_ACTIVE_ARCH = YES;
				SDKROOT = iphoneos;
				SWIFT_ACTIVE_COMPILATION_CONDITIONS = DEBUG;
				SWIFT_OPTIMIZATION_LEVEL = "-Onone";
			};
			name = Debug;
		};
		7E7C7FF7231CF5900026683F /* Release */ = {
			isa = XCBuildConfiguration;
			buildSettings = {
				ALWAYS_SEARCH_USER_PATHS = NO;
				CLANG_ANALYZER_NONNULL = YES;
				CLANG_ANALYZER_NUMBER_OBJECT_CONVERSION = YES_AGGRESSIVE;
				CLANG_CXX_LANGUAGE_STANDARD = "gnu++14";
				CLANG_CXX_LIBRARY = "libc++";
				CLANG_ENABLE_MODULES = YES;
				CLANG_ENABLE_OBJC_ARC = YES;
				CLANG_ENABLE_OBJC_WEAK = YES;
				CLANG_WARN_BLOCK_CAPTURE_AUTORELEASING = YES;
				CLANG_WARN_BOOL_CONVERSION = YES;
				CLANG_WARN_COMMA = YES;
				CLANG_WARN_CONSTANT_CONVERSION = YES;
				CLANG_WARN_DEPRECATED_OBJC_IMPLEMENTATIONS = YES;
				CLANG_WARN_DIRECT_OBJC_ISA_USAGE = YES_ERROR;
				CLANG_WARN_DOCUMENTATION_COMMENTS = YES;
				CLANG_WARN_EMPTY_BODY = YES;
				CLANG_WARN_ENUM_CONVERSION = YES;
				CLANG_WARN_INFINITE_RECURSION = YES;
				CLANG_WARN_INT_CONVERSION = YES;
				CLANG_WARN_NON_LITERAL_NULL_CONVERSION = YES;
				CLANG_WARN_OBJC_IMPLICIT_RETAIN_SELF = YES;
				CLANG_WARN_OBJC_LITERAL_CONVERSION = YES;
				CLANG_WARN_OBJC_ROOT_CLASS = YES_ERROR;
				CLANG_WARN_RANGE_LOOP_ANALYSIS = YES;
				CLANG_WARN_STRICT_PROTOTYPES = YES;
				CLANG_WARN_SUSPICIOUS_MOVE = YES;
				CLANG_WARN_UNGUARDED_AVAILABILITY = YES_AGGRESSIVE;
				CLANG_WARN_UNREACHABLE_CODE = YES;
				CLANG_WARN__DUPLICATE_METHOD_MATCH = YES;
				CODE_SIGN_IDENTITY = "iPhone Developer";
				COPY_PHASE_STRIP = NO;
				DEBUG_INFORMATION_FORMAT = "dwarf-with-dsym";
				ENABLE_NS_ASSERTIONS = NO;
				ENABLE_STRICT_OBJC_MSGSEND = YES;
				GCC_C_LANGUAGE_STANDARD = gnu11;
				GCC_NO_COMMON_BLOCKS = YES;
				GCC_WARN_64_TO_32_BIT_CONVERSION = YES;
				GCC_WARN_ABOUT_RETURN_TYPE = YES_ERROR;
				GCC_WARN_UNDECLARED_SELECTOR = YES;
				GCC_WARN_UNINITIALIZED_AUTOS = YES_AGGRESSIVE;
				GCC_WARN_UNUSED_FUNCTION = YES;
				GCC_WARN_UNUSED_VARIABLE = YES;
				IPHONEOS_DEPLOYMENT_TARGET = 12.4;
				MTL_ENABLE_DEBUG_INFO = NO;
				MTL_FAST_MATH = YES;
				SDKROOT = iphoneos;
				SWIFT_COMPILATION_MODE = wholemodule;
				SWIFT_OPTIMIZATION_LEVEL = "-O";
				VALIDATE_PRODUCT = YES;
			};
			name = Release;
		};
		7E7C7FF9231CF5900026683F /* Debug */ = {
			isa = XCBuildConfiguration;
			buildSettings = {
				ASSETCATALOG_COMPILER_APPICON_NAME = AppIcon;
				CODE_SIGN_STYLE = Automatic;
				DEVELOPMENT_TEAM = 3Q6SDS7WH9;
				INFOPLIST_FILE = AVCaptureAudioDataOutputSampleBufferTesting/Info.plist;
				LD_RUNPATH_SEARCH_PATHS = (
					"$(inherited)",
					"@executable_path/Frameworks",
				);
				PRODUCT_BUNDLE_IDENTIFIER = DaisukeT.AVCaptureAudioDataOutputSampleBufferTesting;
				PRODUCT_NAME = "$(TARGET_NAME)";
				SWIFT_VERSION = 5.0;
				TARGETED_DEVICE_FAMILY = "1,2";
			};
			name = Debug;
		};
		7E7C7FFA231CF5900026683F /* Release */ = {
			isa = XCBuildConfiguration;
			buildSettings = {
				ASSETCATALOG_COMPILER_APPICON_NAME = AppIcon;
				CODE_SIGN_STYLE = Automatic;
				DEVELOPMENT_TEAM = 3Q6SDS7WH9;
				INFOPLIST_FILE = AVCaptureAudioDataOutputSampleBufferTesting/Info.plist;
				LD_RUNPATH_SEARCH_PATHS = (
					"$(inherited)",
					"@executable_path/Frameworks",
				);
				PRODUCT_BUNDLE_IDENTIFIER = DaisukeT.AVCaptureAudioDataOutputSampleBufferTesting;
				PRODUCT_NAME = "$(TARGET_NAME)";
				SWIFT_VERSION = 5.0;
				TARGETED_DEVICE_FAMILY = "1,2";
			};
			name = Release;
		};
		7E7C7FFC231CF5900026683F /* Debug */ = {
			isa = XCBuildConfiguration;
			buildSettings = {
				ALWAYS_EMBED_SWIFT_STANDARD_LIBRARIES = YES;
				BUNDLE_LOADER = "$(TEST_HOST)";
				CODE_SIGN_STYLE = Automatic;
				INFOPLIST_FILE = AVCaptureAudioDataOutputSampleBufferTestingTests/Info.plist;
				LD_RUNPATH_SEARCH_PATHS = (
					"$(inherited)",
					"@executable_path/Frameworks",
					"@loader_path/Frameworks",
				);
				PRODUCT_BUNDLE_IDENTIFIER = DaisukeT.AVCaptureAudioDataOutputSampleBufferTestingTests;
				PRODUCT_NAME = "$(TARGET_NAME)";
				SWIFT_VERSION = 5.0;
				TARGETED_DEVICE_FAMILY = "1,2";
				TEST_HOST = "$(BUILT_PRODUCTS_DIR)/AVCaptureAudioDataOutputSampleBufferTesting.app/AVCaptureAudioDataOutputSampleBufferTesting";
			};
			name = Debug;
		};
		7E7C7FFD231CF5900026683F /* Release */ = {
			isa = XCBuildConfiguration;
			buildSettings = {
				ALWAYS_EMBED_SWIFT_STANDARD_LIBRARIES = YES;
				BUNDLE_LOADER = "$(TEST_HOST)";
				CODE_SIGN_STYLE = Automatic;
				INFOPLIST_FILE = AVCaptureAudioDataOutputSampleBufferTestingTests/Info.plist;
				LD_RUNPATH_SEARCH_PATHS = (
					"$(inherited)",
					"@executable_path/Frameworks",
					"@loader_path/Frameworks",
				);
				PRODUCT_BUNDLE_IDENTIFIER = DaisukeT.AVCaptureAudioDataOutputSampleBufferTestingTests;
				PRODUCT_NAME = "$(TARGET_NAME)";
				SWIFT_VERSION = 5.0;
				TARGETED_DEVICE_FAMILY = "1,2";
				TEST_HOST = "$(BUILT_PRODUCTS_DIR)/AVCaptureAudioDataOutputSampleBufferTesting.app/AVCaptureAudioDataOutputSampleBufferTesting";
			};
			name = Release;
		};
/* End XCBuildConfiguration section */

/* Begin XCConfigurationList section */
		7E7C7FD6231CF58E0026683F /* Build configuration list for PBXProject "AVCaptureAudioDataOutputSampleBufferTesting" */ = {
			isa = XCConfigurationList;
			buildConfigurations = (
				7E7C7FF6231CF5900026683F /* Debug */,
				7E7C7FF7231CF5900026683F /* Release */,
			);
			defaultConfigurationIsVisible = 0;
			defaultConfigurationName = Release;
		};
		7E7C7FF8231CF5900026683F /* Build configuration list for PBXNativeTarget "AVCaptureAudioDataOutputSampleBufferTesting" */ = {
			isa = XCConfigurationList;
			buildConfigurations = (
				7E7C7FF9231CF5900026683F /* Debug */,
				7E7C7FFA231CF5900026683F /* Release */,
			);
			defaultConfigurationIsVisible = 0;
			defaultConfigurationName = Release;
		};
		7E7C7FFB231CF5900026683F /* Build configuration list for PBXNativeTarget "AVCaptureAudioDataOutputSampleBufferTestingTests" */ = {
			isa = XCConfigurationList;
			buildConfigurations = (
				7E7C7FFC231CF5900026683F /* Debug */,
				7E7C7FFD231CF5900026683F /* Release */,
			);
			defaultConfigurationIsVisible = 0;
			defaultConfigurationName = Release;
		};
/* End XCConfigurationList section */
	};
	rootObject = 7E7C7FD3231CF58E0026683F /* Project object */;
}
